
Microsoft Visual Studio Solution File, Format Version 12.00
# Visual Studio Version 16
VisualStudioVersion = 16.0.31702.278
MinimumVisualStudioVersion = 10.0.40219.1
Project("{9A19103F-16F7-4668-BE54-9A1E7A4F7556}") = "MortoSweepstakesTests", "..\MortoSweepstakesTests\MortoSweepstakesTests.csproj", "{CFFE248E-0AC8-4098-B27F-43FCAE649B60}"
EndProject
Project("{9A19103F-16F7-4668-BE54-9A1E7A4F7556}") = "MortoSweepstakes", "MortoSweepstakesASP\MortoSweepstakes.csproj", "{F6627279-70CF-4D86-93E9-C83B66562ACA}"
EndProject
Global
	GlobalSection(SolutionConfigurationPlatforms) = preSolution
		Debug|Any CPU = Debug|Any CPU
		Release|Any CPU = Release|Any CPU
	EndGlobalSection
	GlobalSection(ProjectConfigurationPlatforms) = postSolution
		{CFFE248E-0AC8-4098-B27F-43FCAE649B60}.Debug|Any CPU.ActiveCfg = Debug|Any CPU
		{CFFE248E-0AC8-4098-B27F-43FCAE649B60}.Debug|Any CPU.Build.0 = Debug|Any CPU
		{CFFE248E-0AC8-4098-B27F-43FCAE649B60}.Release|Any CPU.ActiveCfg = Release|Any CPU
		{CFFE248E-0AC8-4098-B27F-43FCAE649B60}.Release|Any CPU.Build.0 = Release|Any CPU
		{F6627279-70CF-4D86-93E9-C83B66562ACA}.Debug|Any CPU.ActiveCfg = Debug|Any CPU
		{F6627279-70CF-4D86-93E9-C83B66562ACA}.Debug|Any CPU.Build.0 = Debug|Any CPU
		{F6627279-70CF-4D86-93E9-C83B66562ACA}.Release|Any CPU.ActiveCfg = Release|Any CPU
		{F6627279-70CF-4D86-93E9-C83B66562ACA}.Release|Any CPU.Build.0 = Release|Any CPU
	EndGlobalSection
	GlobalSection(SolutionProperties) = preSolution
		HideSolutionNode = FALSE
	EndGlobalSection
	GlobalSection(ExtensibilityGlobals) = postSolution
		SolutionGuid = {2FB18672-3E59-456E-8CF0-27A4C0932D91}
	EndGlobalSection
EndGlobal
